
Microsoft Visual Studio Solution File, Format Version 12.00
# Visual Studio Version 17
VisualStudioVersion = 17.9.34607.119
MinimumVisualStudioVersion = 10.0.40219.1
Project("{8BC9CEB8-8B4A-11D0-8D11-00A0C91BC942}") = "Lab6", "Lab6.vcxproj", "{5637B077-358E-4C23-ACBF-7EC6B3311E3F}"
EndProject
Global
	GlobalSection(SolutionConfigurationPlatforms) = preSolution
		Debug|x64 = Debug|x64
		Debug|x86 = Debug|x86
		Release|x64 = Release|x64
		Release|x86 = Release|x86
	EndGlobalSection
	GlobalSection(ProjectConfigurationPlatforms) = postSolution
		{5637B077-358E-4C23-ACBF-7EC6B3311E3F}.Debug|x64.ActiveCfg = Debug|x64
		{5637B077-358E-4C23-ACBF-7EC6B3311E3F}.Debug|x64.Build.0 = Debug|x64
		{5637B077-358E-4C23-ACBF-7EC6B3311E3F}.Debug|x86.ActiveCfg = Debug|Win32
		{5637B077-358E-4C23-ACBF-7EC6B3311E3F}.Debug|x86.Build.0 = Debug|Win32
		{5637B077-358E-4C23-ACBF-7EC6B3311E3F}.Release|x64.ActiveCfg = Release|x64
		{5637B077-358E-4C23-ACBF-7EC6B3311E3F}.Release|x64.Build.0 = Release|x64
		{5637B077-358E-4C23-ACBF-7EC6B3311E3F}.Release|x86.ActiveCfg = Release|Win32
		{5637B077-358E-4C23-ACBF-7EC6B3311E3F}.Release|x86.Build.0 = Release|Win32
	EndGlobalSection
	GlobalSection(SolutionProperties) = preSolution
		HideSolutionNode = FALSE
	EndGlobalSection
	GlobalSection(ExtensibilityGlobals) = postSolution
		SolutionGuid = {BCA25B4B-6457-4E55-8B9E-99D8A333B133}
	EndGlobalSection
EndGlobal
